{
  "name": "tmp-bunny",
  "version": "1.0.0",
  "lockfileVersion": 3,
  "requires": true,
  "packages": {
    "": {
      "name": "tmp-bunny",
      "version": "1.0.0",
      "license": "ISC",
      "dependencies": {
        "cryptojs": "^2.5.3",
        "querystring": "^0.2.1"
      }
    },
    "node_modules/cryptojs": {
      "version": "2.5.3",
      "resolved": "https://registry.npmjs.org/cryptojs/-/cryptojs-2.5.3.tgz",
      "integrity": "sha512-+rdPl1UCxE8s3R94NNn+zMKOiI4MJ7dyh3X0c5uBL3btDr4zQ6acd7f9mY7Wb5MrccZEi2Rrha3OEtLcc5XXog==",
      "engines": {
        "node": "*"
      }
    },
    "node_modules/querystring": {
      "version": "0.2.1",
      "resolved": "https://registry.npmjs.org/querystring/-/querystring-0.2.1.tgz",
      "integrity": "sha512-wkvS7mL/JMugcup3/rMitHmd9ecIGd2lhFhK9N3UUQ450h66d1r3Y9nvXzQAW1Lq+wyx61k/1pfKS5KuKiyEbg==",
      "deprecated": "The querystring API is considered Legacy. new code should use the URLSearchParams API instead.",
      "engines": {
        "node": ">=0.4.x"
      }
    }
  }
}
